
Microsoft Visual Studio Solution File, Format Version 12.00
# Visual Studio Version 17
VisualStudioVersion = 17.0.32014.148
MinimumVisualStudioVersion = 10.0.40219.1
Project("{9A19103F-16F7-4668-BE54-9A1E7A4F7556}") = "IRECKONU", "IRECKONU.csproj", "{FECDEC9A-6E98-467F-9AB7-E4572E7F5956}"
EndProject
Project("{9A19103F-16F7-4668-BE54-9A1E7A4F7556}") = "IRECKONU.Test.Unit", "..\IRECKONU.Test.Unit\IRECKONU.Test.Unit.csproj", "{409CAD3E-F572-44FB-BF72-63951657500D}"
EndProject
Project("{2150E333-8FDC-42A3-9474-1A3956D46DE8}") = "Solution Items", "Solution Items", "{AA0B8BCE-1F36-49A3-B8BC-30300370A173}"
	ProjectSection(SolutionItems) = preProject
		..\README.md = ..\README.md
	EndProjectSection
EndProject
Global
	GlobalSection(SolutionConfigurationPlatforms) = preSolution
		Debug|Any CPU = Debug|Any CPU
		Release|Any CPU = Release|Any CPU
	EndGlobalSection
	GlobalSection(ProjectConfigurationPlatforms) = postSolution
		{FECDEC9A-6E98-467F-9AB7-E4572E7F5956}.Debug|Any CPU.ActiveCfg = Debug|Any CPU
		{FECDEC9A-6E98-467F-9AB7-E4572E7F5956}.Debug|Any CPU.Build.0 = Debug|Any CPU
		{FECDEC9A-6E98-467F-9AB7-E4572E7F5956}.Release|Any CPU.ActiveCfg = Release|Any CPU
		{FECDEC9A-6E98-467F-9AB7-E4572E7F5956}.Release|Any CPU.Build.0 = Release|Any CPU
		{409CAD3E-F572-44FB-BF72-63951657500D}.Debug|Any CPU.ActiveCfg = Debug|Any CPU
		{409CAD3E-F572-44FB-BF72-63951657500D}.Debug|Any CPU.Build.0 = Debug|Any CPU
		{409CAD3E-F572-44FB-BF72-63951657500D}.Release|Any CPU.ActiveCfg = Release|Any CPU
		{409CAD3E-F572-44FB-BF72-63951657500D}.Release|Any CPU.Build.0 = Release|Any CPU
	EndGlobalSection
	GlobalSection(SolutionProperties) = preSolution
		HideSolutionNode = FALSE
	EndGlobalSection
	GlobalSection(ExtensibilityGlobals) = postSolution
		SolutionGuid = {137110DF-1A08-44BC-8200-3A46A139EE1C}
	EndGlobalSection
EndGlobal
